
Microsoft Visual Studio Solution File, Format Version 12.00
# Visual Studio Version 17
VisualStudioVersion = 17.9.34714.143
MinimumVisualStudioVersion = 10.0.40219.1
Project("{9A19103F-16F7-4668-BE54-9A1E7A4F7556}") = "StudentsPublisherApi", "StudentsPublisherApi.csproj", "{E3EF9494-FDD4-4428-9B08-2ED3EF214022}"
EndProject
Global
	GlobalSection(SolutionConfigurationPlatforms) = preSolution
		Debug|Any CPU = Debug|Any CPU
		Release|Any CPU = Release|Any CPU
	EndGlobalSection
	GlobalSection(ProjectConfigurationPlatforms) = postSolution
		{E3EF9494-FDD4-4428-9B08-2ED3EF214022}.Debug|Any CPU.ActiveCfg = Debug|Any CPU
		{E3EF9494-FDD4-4428-9B08-2ED3EF214022}.Debug|Any CPU.Build.0 = Debug|Any CPU
		{E3EF9494-FDD4-4428-9B08-2ED3EF214022}.Release|Any CPU.ActiveCfg = Release|Any CPU
		{E3EF9494-FDD4-4428-9B08-2ED3EF214022}.Release|Any CPU.Build.0 = Release|Any CPU
	EndGlobalSection
	GlobalSection(SolutionProperties) = preSolution
		HideSolutionNode = FALSE
	EndGlobalSection
	GlobalSection(ExtensibilityGlobals) = postSolution
		SolutionGuid = {5826BBC6-5B4C-4B6A-8073-439951348C59}
	EndGlobalSection
EndGlobal
